// !$*UTF8*$!
{
	archiveVersion = 1;
	classes = {
	};
	objectVersion = 50;
	objects = {

/* Begin PBXBuildFile section */
		87649BE125A6EDE00076548D /* AppDelegate.swift in Sources */ = {isa = PBXBuildFile; fileRef = 87649BE025A6EDE00076548D /* AppDelegate.swift */; };
		87649BE325A6EDE00076548D /* ParticleScene.sks in Resources */ = {isa = PBXBuildFile; fileRef = 87649BE225A6EDE00076548D /* ParticleScene.sks */; };
		87649BE725A6EDE00076548D /* ParticleScene.swift in Sources */ = {isa = PBXBuildFile; fileRef = 87649BE625A6EDE00076548D /* ParticleScene.swift */; };
		87649BE925A6EDE00076548D /* ViewController.swift in Sources */ = {isa = PBXBuildFile; fileRef = 87649BE825A6EDE00076548D /* ViewController.swift */; };
		87649BEC25A6EDE00076548D /* Main.storyboard in Resources */ = {isa = PBXBuildFile; fileRef = 87649BEA25A6EDE00076548D /* Main.storyboard */; };
		87649BEE25A6EDE10076548D /* Assets.xcassets in Resources */ = {isa = PBXBuildFile; fileRef = 87649BED25A6EDE10076548D /* Assets.xcassets */; };
/* End PBXBuildFile section */

/* Begin PBXFileReference section */
		87649BDD25A6EDE00076548D /* ParticlesConnectedEffect.app */ = {isa = PBXFileReference; explicitFileType = wrapper.application; includeInIndex = 0; path = ParticlesConnectedEffect.app; sourceTree = BUILT_PRODUCTS_DIR; };
		87649BE025A6EDE00076548D /* AppDelegate.swift */ = {isa = PBXFileReference; lastKnownFileType = sourcecode.swift; path = AppDelegate.swift; sourceTree = "<group>"; };
		87649BE225A6EDE00076548D /* ParticleScene.sks */ = {isa = PBXFileReference; lastKnownFileType = file.sks; path = ParticleScene.sks; sourceTree = "<group>"; };
		87649BE625A6EDE00076548D /* ParticleScene.swift */ = {isa = PBXFileReference; lastKnownFileType = sourcecode.swift; path = ParticleScene.swift; sourceTree = "<group>"; };
		87649BE825A6EDE00076548D /* ViewController.swift */ = {isa = PBXFileReference; lastKnownFileType = sourcecode.swift; path = ViewController.swift; sourceTree = "<group>"; };
		87649BEB25A6EDE00076548D /* Base */ = {isa = PBXFileReference; lastKnownFileType = file.storyboard; name = Base; path = Base.lproj/Main.storyboard; sourceTree = "<group>"; };
		87649BED25A6EDE10076548D /* Assets.xcassets */ = {isa = PBXFileReference; lastKnownFileType = folder.assetcatalog; path = Assets.xcassets; sourceTree = "<group>"; };
		87649BEF25A6EDE10076548D /* Info.plist */ = {isa = PBXFileReference; lastKnownFileType = text.plist.xml; path = Info.plist; sourceTree = "<group>"; };
/* End PBXFileReference section */

/* Begin PBXFrameworksBuildPhase section */
		87649BDA25A6EDE00076548D /* Frameworks */ = {
			isa = PBXFrameworksBuildPhase;
			buildActionMask = 2147483647;
			files = (
			);
			runOnlyForDeploymentPostprocessing = 0;
		};
/* End PBXFrameworksBuildPhase section */

/* Begin PBXGroup section */
		87649BD425A6EDE00076548D = {
			isa = PBXGroup;
			children = (
				87649BDF25A6EDE00076548D /* ParticlesConnectedEffect */,
				87649BDE25A6EDE00076548D /* Products */,
			);
			sourceTree = "<group>";
		};
		87649BDE25A6EDE00076548D /* Products */ = {
			isa = PBXGroup;
			children = (
				87649BDD25A6EDE00076548D /* ParticlesConnectedEffect.app */,
			);
			name = Products;
			sourceTree = "<group>";
		};
		87649BDF25A6EDE00076548D /* ParticlesConnectedEffect */ = {
			isa = PBXGroup;
			children = (
				87649BE025A6EDE00076548D /* AppDelegate.swift */,
				87649BE225A6EDE00076548D /* ParticleScene.sks */,
				87649BE625A6EDE00076548D /* ParticleScene.swift */,
				87649BE825A6EDE00076548D /* ViewController.swift */,
				87649BEA25A6EDE00076548D /* Main.storyboard */,
				87649BED25A6EDE10076548D /* Assets.xcassets */,
				87649BEF25A6EDE10076548D /* Info.plist */,
			);
			path = ParticlesConnectedEffect;
			sourceTree = "<group>";
		};
/* End PBXGroup section */

/* Begin PBXNativeTarget section */
		87649BDC25A6EDE00076548D /* ParticlesConnectedEffect */ = {
			isa = PBXNativeTarget;
			buildConfigurationList = 87649BF225A6EDE10076548D /* Build configuration list for PBXNativeTarget "ParticlesConnectedEffect" */;
			buildPhases = (
				87649BD925A6EDE00076548D /* Sources */,
				87649BDA25A6EDE00076548D /* Frameworks */,
				87649BDB25A6EDE00076548D /* Resources */,
			);
			buildRules = (
			);
			dependencies = (
			);
			name = ParticlesConnectedEffect;
			productName = ParticlesConnectedEffect;
			productReference = 87649BDD25A6EDE00076548D /* ParticlesConnectedEffect.app */;
			productType = "com.apple.product-type.application";
		};
/* End PBXNativeTarget section */

/* Begin PBXProject section */
		87649BD525A6EDE00076548D /* Project object */ = {
			isa = PBXProject;
			attributes = {
				LastSwiftUpdateCheck = 1230;
				LastUpgradeCheck = 1230;
				TargetAttributes = {
					87649BDC25A6EDE00076548D = {
						CreatedOnToolsVersion = 12.3;
					};
				};
			};
			buildConfigurationList = 87649BD825A6EDE00076548D /* Build configuration list for PBXProject "ParticlesConnectedEffect" */;
			compatibilityVersion = "Xcode 9.3";
			developmentRegion = en;
			hasScannedForEncodings = 0;
			knownRegions = (
				en,
				Base,
			);
			mainGroup = 87649BD425A6EDE00076548D;
			productRefGroup = 87649BDE25A6EDE00076548D /* Products */;
			projectDirPath = "";
			projectRoot = "";
			targets = (
				87649BDC25A6EDE00076548D /* ParticlesConnectedEffect */,
			);
		};
/* End PBXProject section */

/* Begin PBXResourcesBuildPhase section */
		87649BDB25A6EDE00076548D /* Resources */ = {
			isa = PBXResourcesBuildPhase;
			buildActionMask = 2147483647;
			files = (
				87649BEC25A6EDE00076548D /* Main.storyboard in Resources */,
				87649BE325A6EDE00076548D /* ParticleScene.sks in Resources */,
				87649BEE25A6EDE10076548D /* Assets.xcassets in Resources */,
			);
			runOnlyForDeploymentPostprocessing = 0;
		};
/* End PBXResourcesBuildPhase section */

/* Begin PBXSourcesBuildPhase section */
		87649BD925A6EDE00076548D /* Sources */ = {
			isa = PBXSourcesBuildPhase;
			buildActionMask = 2147483647;
			files = (
				87649BE725A6EDE00076548D /* ParticleScene.swift in Sources */,
				87649BE925A6EDE00076548D /* ViewController.swift in Sources */,
				87649BE125A6EDE00076548D /* AppDelegate.swift in Sources */,
			);
			runOnlyForDeploymentPostprocessing = 0;
		};
/* End PBXSourcesBuildPhase section */

/* Begin PBXVariantGroup section */
		87649BEA25A6EDE00076548D /* Main.storyboard */ = {
			isa = PBXVariantGroup;
			children = (
				87649BEB25A6EDE00076548D /* Base */,
			);
			name = Main.storyboard;
			sourceTree = "<group>";
		};
/* End PBXVariantGroup section */

/* Begin XCBuildConfiguration section */
		87649BF025A6EDE10076548D /* Debug */ = {
			isa = XCBuildConfiguration;
			buildSettings = {
				ALWAYS_SEARCH_USER_PATHS = NO;
				CLANG_ANALYZER_NONNULL = YES;
				CLANG_ANALYZER_NUMBER_OBJECT_CONVERSION = YES_AGGRESSIVE;
				CLANG_CXX_LANGUAGE_STANDARD = "gnu++14";
				CLANG_CXX_LIBRARY = "libc++";
				CLANG_ENABLE_MODULES = YES;
				CLANG_ENABLE_OBJC_ARC = YES;
				CLANG_ENABLE_OBJC_WEAK = YES;
				CLANG_WARN_BLOCK_CAPTURE_AUTORELEASING = YES;
				CLANG_WARN_BOOL_CONVERSION = YES;
				CLANG_WARN_COMMA = YES;
				CLANG_WARN_CONSTANT_CONVERSION = YES;
				CLANG_WARN_DEPRECATED_OBJC_IMPLEMENTATIONS = YES;
				CLANG_WARN_DIRECT_OBJC_ISA_USAGE = YES_ERROR;
				CLANG_WARN_DOCUMENTATION_COMMENTS = YES;
				CLANG_WARN_EMPTY_BODY = YES;
				CLANG_WARN_ENUM_CONVERSION = YES;
				CLANG_WARN_INFINITE_RECURSION = YES;
				CLANG_WARN_INT_CONVERSION = YES;
				CLANG_WARN_NON_LITERAL_NULL_CONVERSION = YES;
				CLANG_WARN_OBJC_IMPLICIT_RETAIN_SELF = YES;
				CLANG_WARN_OBJC_LITERAL_CONVERSION = YES;
				CLANG_WARN_OBJC_ROOT_CLASS = YES_ERROR;
				CLANG_WARN_QUOTED_INCLUDE_IN_FRAMEWORK_HEADER = YES;
				CLANG_WARN_RANGE_LOOP_ANALYSIS = YES;
				CLANG_WARN_STRICT_PROTOTYPES = YES;
				CLANG_WARN_SUSPICIOUS_MOVE = YES;
				CLANG_WARN_UNGUARDED_AVAILABILITY = YES_AGGRESSIVE;
				CLANG_WARN_UNREACHABLE_CODE = YES;
				CLANG_WARN__DUPLICATE_METHOD_MATCH = YES;
				COPY_PHASE_STRIP = NO;
				DEBUG_INFORMATION_FORMAT = dwarf;
				ENABLE_STRICT_OBJC_MSGSEND = YES;
				ENABLE_TESTABILITY = YES;
				GCC_C_LANGUAGE_STANDARD = gnu11;
				GCC_DYNAMIC_NO_PIC = NO;
				GCC_NO_COMMON_BLOCKS = YES;
				GCC_OPTIMIZATION_LEVEL = 0;
				GCC_PREPROCESSOR_DEFINITIONS = (
					"DEBUG=1",
					"$(inherited)",
				);
				GCC_WARN_64_TO_32_BIT_CONVERSION = YES;
				GCC_WARN_ABOUT_RETURN_TYPE = YES_ERROR;
				GCC_WARN_UNDECLARED_SELECTOR = YES;
				GCC_WARN_UNINITIALIZED_AUTOS = YES_AGGRESSIVE;
				GCC_WARN_UNUSED_FUNCTION = YES;
				GCC_WARN_UNUSED_VARIABLE = YES;
				IPHONEOS_DEPLOYMENT_TARGET = 13.4;
				MTL_ENABLE_DEBUG_INFO = INCLUDE_SOURCE;
				MTL_FAST_MATH = YES;
				ONLY_ACTIVE_ARCH = YES;
				SDKROOT = iphoneos;
				SWIFT_ACTIVE_COMPILATION_CONDITIONS = DEBUG;
				SWIFT_OPTIMIZATION_LEVEL = "-Onone";
			};
			name = Debug;
		};
		87649BF125A6EDE10076548D /* Release */ = {
			isa = XCBuildConfiguration;
			buildSettings = {
				ALWAYS_SEARCH_USER_PATHS = NO;
				CLANG_ANALYZER_NONNULL = YES;
				CLANG_ANALYZER_NUMBER_OBJECT_CONVERSION = YES_AGGRESSIVE;
				CLANG_CXX_LANGUAGE_STANDARD = "gnu++14";
				CLANG_CXX_LIBRARY = "libc++";
				CLANG_ENABLE_MODULES = YES;
				CLANG_ENABLE_OBJC_ARC = YES;
				CLANG_ENABLE_OBJC_WEAK = YES;
				CLANG_WARN_BLOCK_CAPTURE_AUTORELEASING = YES;
				CLANG_WARN_BOOL_CONVERSION = YES;
				CLANG_WARN_COMMA = YES;
				CLANG_WARN_CONSTANT_CONVERSION = YES;
				CLANG_WARN_DEPRECATED_OBJC_IMPLEMENTATIONS = YES;
				CLANG_WARN_DIRECT_OBJC_ISA_USAGE = YES_ERROR;
				CLANG_WARN_DOCUMENTATION_COMMENTS = YES;
				CLANG_WARN_EMPTY_BODY = YES;
				CLANG_WARN_ENUM_CONVERSION = YES;
				CLANG_WARN_INFINITE_RECURSION = YES;
				CLANG_WARN_INT_CONVERSION = YES;
				CLANG_WARN_NON_LITERAL_NULL_CONVERSION = YES;
				CLANG_WARN_OBJC_IMPLICIT_RETAIN_SELF = YES;
				CLANG_WARN_OBJC_LITERAL_CONVERSION = YES;
				CLANG_WARN_OBJC_ROOT_CLASS = YES_ERROR;
				CLANG_WARN_QUOTED_INCLUDE_IN_FRAMEWORK_HEADER = YES;
				CLANG_WARN_RANGE_LOOP_ANALYSIS = YES;
				CLANG_WARN_STRICT_PROTOTYPES = YES;
				CLANG_WARN_SUSPICIOUS_MOVE = YES;
				CLANG_WARN_UNGUARDED_AVAILABILITY = YES_AGGRESSIVE;
				CLANG_WARN_UNREACHABLE_CODE = YES;
				CLANG_WARN__DUPLICATE_METHOD_MATCH = YES;
				COPY_PHASE_STRIP = NO;
				DEBUG_INFORMATION_FORMAT = "dwarf-with-dsym";
				ENABLE_NS_ASSERTIONS = NO;
				ENABLE_STRICT_OBJC_MSGSEND = YES;
				GCC_C_LANGUAGE_STANDARD = gnu11;
				GCC_NO_COMMON_BLOCKS = YES;
				GCC_WARN_64_TO_32_BIT_CONVERSION = YES;
				GCC_WARN_ABOUT_RETURN_TYPE = YES_ERROR;
				GCC_WARN_UNDECLARED_SELECTOR = YES;
				GCC_WARN_UNINITIALIZED_AUTOS = YES_AGGRESSIVE;
				GCC_WARN_UNUSED_FUNCTION = YES;
				GCC_WARN_UNUSED_VARIABLE = YES;
				IPHONEOS_DEPLOYMENT_TARGET = 13.4;
				MTL_ENABLE_DEBUG_INFO = NO;
				MTL_FAST_MATH = YES;
				SDKROOT = iphoneos;
				SWIFT_COMPILATION_MODE = wholemodule;
				SWIFT_OPTIMIZATION_LEVEL = "-O";
				VALIDATE_PRODUCT = YES;
			};
			name = Release;
		};
		87649BF325A6EDE10076548D /* Debug */ = {
			isa = XCBuildConfiguration;
			buildSettings = {
				ASSETCATALOG_COMPILER_APPICON_NAME = AppIcon;
				ASSETCATALOG_COMPILER_GLOBAL_ACCENT_COLOR_NAME = AccentColor;
				CODE_SIGN_STYLE = Automatic;
				DEVELOPMENT_TEAM = JVC9F9SKEB;
				INFOPLIST_FILE = ParticlesConnectedEffect/Info.plist;
				LD_RUNPATH_SEARCH_PATHS = (
					"$(inherited)",
					"@executable_path/Frameworks",
				);
				PRODUCT_BUNDLE_IDENTIFIER = com.artturijalli.ParticlesConnectedEffect;
				PRODUCT_NAME = "$(TARGET_NAME)";
				SWIFT_VERSION = 5.0;
				TARGETED_DEVICE_FAMILY = "1,2";
			};
			name = Debug;
		};
		87649BF425A6EDE10076548D /* Release */ = {
			isa = XCBuildConfiguration;
			buildSettings = {
				ASSETCATALOG_COMPILER_APPICON_NAME = AppIcon;
				ASSETCATALOG_COMPILER_GLOBAL_ACCENT_COLOR_NAME = AccentColor;
				CODE_SIGN_STYLE = Automatic;
				DEVELOPMENT_TEAM = JVC9F9SKEB;
				INFOPLIST_FILE = ParticlesConnectedEffect/Info.plist;
				LD_RUNPATH_SEARCH_PATHS = (
					"$(inherited)",
					"@executable_path/Frameworks",
				);
				PRODUCT_BUNDLE_IDENTIFIER = com.artturijalli.ParticlesConnectedEffect;
				PRODUCT_NAME = "$(TARGET_NAME)";
				SWIFT_VERSION = 5.0;
				TARGETED_DEVICE_FAMILY = "1,2";
			};
			name = Release;
		};
/* End XCBuildConfiguration section */

/* Begin XCConfigurationList section */
		87649BD825A6EDE00076548D /* Build configuration list for PBXProject "ParticlesConnectedEffect" */ = {
			isa = XCConfigurationList;
			buildConfigurations = (
				87649BF025A6EDE10076548D /* Debug */,
				87649BF125A6EDE10076548D /* Release */,
			);
			defaultConfigurationIsVisible = 0;
			defaultConfigurationName = Release;
		};
		87649BF225A6EDE10076548D /* Build configuration list for PBXNativeTarget "ParticlesConnectedEffect" */ = {
			isa = XCConfigurationList;
			buildConfigurations = (
				87649BF325A6EDE10076548D /* Debug */,
				87649BF425A6EDE10076548D /* Release */,
			);
			defaultConfigurationIsVisible = 0;
			defaultConfigurationName = Release;
		};
/* End XCConfigurationList section */
	};
	rootObject = 87649BD525A6EDE00076548D /* Project object */;
}
